// !$*UTF8*$!
{
	archiveVersion = 1;
	classes = {
	};
	objectVersion = 56;
	objects = {

/* Begin PBXBuildFile section */
		8E4D45CA2C00754B00239DAE /* ShoppingTableViewCell.swift in Sources */ = {isa = PBXBuildFile; fileRef = 8E4D45C92C00754B00239DAE /* ShoppingTableViewCell.swift */; };
		8E991B242C0078310042D9FE /* Shopping.swift in Sources */ = {isa = PBXBuildFile; fileRef = 8E991B232C0078310042D9FE /* Shopping.swift */; };
		8EC3E3CF2C002DEE00AD5428 /* RealTodoTableViewController.swift in Sources */ = {isa = PBXBuildFile; fileRef = 8EC3E3CE2C002DEE00AD5428 /* RealTodoTableViewController.swift */; };
		8EC3E3D12C005D4100AD5428 /* SearchTableViewController.swift in Sources */ = {isa = PBXBuildFile; fileRef = 8EC3E3D02C005D4100AD5428 /* SearchTableViewController.swift */; };
		8EC3E3D32C005DA200AD5428 /* SearchTableViewCell.swift in Sources */ = {isa = PBXBuildFile; fileRef = 8EC3E3D22C005DA200AD5428 /* SearchTableViewCell.swift */; };
		8EEA46282BFEC78E009EA6F1 /* AppDelegate.swift in Sources */ = {isa = PBXBuildFile; fileRef = 8EEA46272BFEC78E009EA6F1 /* AppDelegate.swift */; };
		8EEA462A2BFEC78E009EA6F1 /* SceneDelegate.swift in Sources */ = {isa = PBXBuildFile; fileRef = 8EEA46292BFEC78E009EA6F1 /* SceneDelegate.swift */; };
		8EEA462C2BFEC78E009EA6F1 /* ViewController.swift in Sources */ = {isa = PBXBuildFile; fileRef = 8EEA462B2BFEC78E009EA6F1 /* ViewController.swift */; };
		8EEA462F2BFEC78E009EA6F1 /* Base in Resources */ = {isa = PBXBuildFile; fileRef = 8EEA462E2BFEC78E009EA6F1 /* Base */; };
		8EEA46312BFEC78F009EA6F1 /* Assets.xcassets in Resources */ = {isa = PBXBuildFile; fileRef = 8EEA46302BFEC78F009EA6F1 /* Assets.xcassets */; };
		8EEA46342BFEC78F009EA6F1 /* Base in Resources */ = {isa = PBXBuildFile; fileRef = 8EEA46332BFEC78F009EA6F1 /* Base */; };
		8EEA463C2BFED9C4009EA6F1 /* HateViewController.swift in Sources */ = {isa = PBXBuildFile; fileRef = 8EEA463B2BFED9C4009EA6F1 /* HateViewController.swift */; };
		8EEA463E2BFEEB06009EA6F1 /* ShowViewController.swift in Sources */ = {isa = PBXBuildFile; fileRef = 8EEA463D2BFEEB06009EA6F1 /* ShowViewController.swift */; };
		8EEA46402BFEEB5E009EA6F1 /* PresentViewController.swift in Sources */ = {isa = PBXBuildFile; fileRef = 8EEA463F2BFEEB5E009EA6F1 /* PresentViewController.swift */; };
		8EEA46422BFF060A009EA6F1 /* Todo.storyboard in Resources */ = {isa = PBXBuildFile; fileRef = 8EEA46412BFF060A009EA6F1 /* Todo.storyboard */; };
		8EEA46442BFF06BC009EA6F1 /* Search.storyboard in Resources */ = {isa = PBXBuildFile; fileRef = 8EEA46432BFF06BC009EA6F1 /* Search.storyboard */; };
		8EEA46462BFF161F009EA6F1 /* TodoTableViewController.swift in Sources */ = {isa = PBXBuildFile; fileRef = 8EEA46452BFF161F009EA6F1 /* TodoTableViewController.swift */; };
		8EEA46482BFF2354009EA6F1 /* FocusModeTableViewController.swift in Sources */ = {isa = PBXBuildFile; fileRef = 8EEA46472BFF2354009EA6F1 /* FocusModeTableViewController.swift */; };
		8EEA464A2BFF2CF1009EA6F1 /* SettingTableViewController.swift in Sources */ = {isa = PBXBuildFile; fileRef = 8EEA46492BFF2CF1009EA6F1 /* SettingTableViewController.swift */; };
		8EEA464C2BFF3EB9009EA6F1 /* ShoppingTableViewController.swift in Sources */ = {isa = PBXBuildFile; fileRef = 8EEA464B2BFF3EB9009EA6F1 /* ShoppingTableViewController.swift */; };
/* End PBXBuildFile section */

/* Begin PBXFileReference section */
		8E4D45C92C00754B00239DAE /* ShoppingTableViewCell.swift */ = {isa = PBXFileReference; lastKnownFileType = sourcecode.swift; path = ShoppingTableViewCell.swift; sourceTree = "<group>"; };
		8E991B232C0078310042D9FE /* Shopping.swift */ = {isa = PBXFileReference; lastKnownFileType = sourcecode.swift; path = Shopping.swift; sourceTree = "<group>"; };
		8EC3E3CE2C002DEE00AD5428 /* RealTodoTableViewController.swift */ = {isa = PBXFileReference; lastKnownFileType = sourcecode.swift; path = RealTodoTableViewController.swift; sourceTree = "<group>"; };
		8EC3E3D02C005D4100AD5428 /* SearchTableViewController.swift */ = {isa = PBXFileReference; lastKnownFileType = sourcecode.swift; path = SearchTableViewController.swift; sourceTree = "<group>"; };
		8EC3E3D22C005DA200AD5428 /* SearchTableViewCell.swift */ = {isa = PBXFileReference; lastKnownFileType = sourcecode.swift; path = SearchTableViewCell.swift; sourceTree = "<group>"; };
		8EEA46242BFEC78E009EA6F1 /* TableView.app */ = {isa = PBXFileReference; explicitFileType = wrapper.application; includeInIndex = 0; path = TableView.app; sourceTree = BUILT_PRODUCTS_DIR; };
		8EEA46272BFEC78E009EA6F1 /* AppDelegate.swift */ = {isa = PBXFileReference; lastKnownFileType = sourcecode.swift; path = AppDelegate.swift; sourceTree = "<group>"; };
		8EEA46292BFEC78E009EA6F1 /* SceneDelegate.swift */ = {isa = PBXFileReference; lastKnownFileType = sourcecode.swift; path = SceneDelegate.swift; sourceTree = "<group>"; };
		8EEA462B2BFEC78E009EA6F1 /* ViewController.swift */ = {isa = PBXFileReference; lastKnownFileType = sourcecode.swift; path = ViewController.swift; sourceTree = "<group>"; };
		8EEA462E2BFEC78E009EA6F1 /* Base */ = {isa = PBXFileReference; lastKnownFileType = file.storyboard; name = Base; path = Base.lproj/Main.storyboard; sourceTree = "<group>"; };
		8EEA46302BFEC78F009EA6F1 /* Assets.xcassets */ = {isa = PBXFileReference; lastKnownFileType = folder.assetcatalog; path = Assets.xcassets; sourceTree = "<group>"; };
		8EEA46332BFEC78F009EA6F1 /* Base */ = {isa = PBXFileReference; lastKnownFileType = file.storyboard; name = Base; path = Base.lproj/LaunchScreen.storyboard; sourceTree = "<group>"; };
		8EEA46352BFEC78F009EA6F1 /* Info.plist */ = {isa = PBXFileReference; lastKnownFileType = text.plist.xml; path = Info.plist; sourceTree = "<group>"; };
		8EEA463B2BFED9C4009EA6F1 /* HateViewController.swift */ = {isa = PBXFileReference; lastKnownFileType = sourcecode.swift; path = HateViewController.swift; sourceTree = "<group>"; };
		8EEA463D2BFEEB06009EA6F1 /* ShowViewController.swift */ = {isa = PBXFileReference; lastKnownFileType = sourcecode.swift; path = ShowViewController.swift; sourceTree = "<group>"; };
		8EEA463F2BFEEB5E009EA6F1 /* PresentViewController.swift */ = {isa = PBXFileReference; lastKnownFileType = sourcecode.swift; path = PresentViewController.swift; sourceTree = "<group>"; };
		8EEA46412BFF060A009EA6F1 /* Todo.storyboard */ = {isa = PBXFileReference; lastKnownFileType = file.storyboard; path = Todo.storyboard; sourceTree = "<group>"; };
		8EEA46432BFF06BC009EA6F1 /* Search.storyboard */ = {isa = PBXFileReference; lastKnownFileType = file.storyboard; path = Search.storyboard; sourceTree = "<group>"; };
		8EEA46452BFF161F009EA6F1 /* TodoTableViewController.swift */ = {isa = PBXFileReference; lastKnownFileType = sourcecode.swift; path = TodoTableViewController.swift; sourceTree = "<group>"; };
		8EEA46472BFF2354009EA6F1 /* FocusModeTableViewController.swift */ = {isa = PBXFileReference; lastKnownFileType = sourcecode.swift; path = FocusModeTableViewController.swift; sourceTree = "<group>"; };
		8EEA46492BFF2CF1009EA6F1 /* SettingTableViewController.swift */ = {isa = PBXFileReference; lastKnownFileType = sourcecode.swift; path = SettingTableViewController.swift; sourceTree = "<group>"; };
		8EEA464B2BFF3EB9009EA6F1 /* ShoppingTableViewController.swift */ = {isa = PBXFileReference; lastKnownFileType = sourcecode.swift; path = ShoppingTableViewController.swift; sourceTree = "<group>"; };
/* End PBXFileReference section */

/* Begin PBXFrameworksBuildPhase section */
		8EEA46212BFEC78E009EA6F1 /* Frameworks */ = {
			isa = PBXFrameworksBuildPhase;
			buildActionMask = 2147483647;
			files = (
			);
			runOnlyForDeploymentPostprocessing = 0;
		};
/* End PBXFrameworksBuildPhase section */

/* Begin PBXGroup section */
		8EEA461B2BFEC78E009EA6F1 = {
			isa = PBXGroup;
			children = (
				8EEA46262BFEC78E009EA6F1 /* TableView */,
				8EEA46252BFEC78E009EA6F1 /* Products */,
			);
			sourceTree = "<group>";
		};
		8EEA46252BFEC78E009EA6F1 /* Products */ = {
			isa = PBXGroup;
			children = (
				8EEA46242BFEC78E009EA6F1 /* TableView.app */,
			);
			name = Products;
			sourceTree = "<group>";
		};
		8EEA46262BFEC78E009EA6F1 /* TableView */ = {
			isa = PBXGroup;
			children = (
				8EEA46272BFEC78E009EA6F1 /* AppDelegate.swift */,
				8EEA46292BFEC78E009EA6F1 /* SceneDelegate.swift */,
				8EEA462B2BFEC78E009EA6F1 /* ViewController.swift */,
				8EEA462D2BFEC78E009EA6F1 /* Main.storyboard */,
				8EEA46302BFEC78F009EA6F1 /* Assets.xcassets */,
				8EEA46322BFEC78F009EA6F1 /* LaunchScreen.storyboard */,
				8EEA46352BFEC78F009EA6F1 /* Info.plist */,
				8EEA463B2BFED9C4009EA6F1 /* HateViewController.swift */,
				8EEA463D2BFEEB06009EA6F1 /* ShowViewController.swift */,
				8EEA463F2BFEEB5E009EA6F1 /* PresentViewController.swift */,
				8EEA46412BFF060A009EA6F1 /* Todo.storyboard */,
				8EEA46432BFF06BC009EA6F1 /* Search.storyboard */,
				8EEA46452BFF161F009EA6F1 /* TodoTableViewController.swift */,
				8EEA46472BFF2354009EA6F1 /* FocusModeTableViewController.swift */,
				8EEA46492BFF2CF1009EA6F1 /* SettingTableViewController.swift */,
				8EEA464B2BFF3EB9009EA6F1 /* ShoppingTableViewController.swift */,
				8E991B232C0078310042D9FE /* Shopping.swift */,
				8E4D45C92C00754B00239DAE /* ShoppingTableViewCell.swift */,
				8EC3E3CE2C002DEE00AD5428 /* RealTodoTableViewController.swift */,
				8EC3E3D02C005D4100AD5428 /* SearchTableViewController.swift */,
				8EC3E3D22C005DA200AD5428 /* SearchTableViewCell.swift */,
			);
			path = TableView;
			sourceTree = "<group>";
		};
/* End PBXGroup section */

/* Begin PBXNativeTarget section */
		8EEA46232BFEC78E009EA6F1 /* TableView */ = {
			isa = PBXNativeTarget;
			buildConfigurationList = 8EEA46382BFEC78F009EA6F1 /* Build configuration list for PBXNativeTarget "TableView" */;
			buildPhases = (
				8EEA46202BFEC78E009EA6F1 /* Sources */,
				8EEA46212BFEC78E009EA6F1 /* Frameworks */,
				8EEA46222BFEC78E009EA6F1 /* Resources */,
			);
			buildRules = (
			);
			dependencies = (
			);
			name = TableView;
			productName = TableView;
			productReference = 8EEA46242BFEC78E009EA6F1 /* TableView.app */;
			productType = "com.apple.product-type.application";
		};
/* End PBXNativeTarget section */

/* Begin PBXProject section */
		8EEA461C2BFEC78E009EA6F1 /* Project object */ = {
			isa = PBXProject;
			attributes = {
				BuildIndependentTargetsInParallel = 1;
				LastSwiftUpdateCheck = 1540;
				LastUpgradeCheck = 1540;
				TargetAttributes = {
					8EEA46232BFEC78E009EA6F1 = {
						CreatedOnToolsVersion = 15.4;
					};
				};
			};
			buildConfigurationList = 8EEA461F2BFEC78E009EA6F1 /* Build configuration list for PBXProject "TableView" */;
			compatibilityVersion = "Xcode 14.0";
			developmentRegion = en;
			hasScannedForEncodings = 0;
			knownRegions = (
				en,
				Base,
			);
			mainGroup = 8EEA461B2BFEC78E009EA6F1;
			productRefGroup = 8EEA46252BFEC78E009EA6F1 /* Products */;
			projectDirPath = "";
			projectRoot = "";
			targets = (
				8EEA46232BFEC78E009EA6F1 /* TableView */,
			);
		};
/* End PBXProject section */

/* Begin PBXResourcesBuildPhase section */
		8EEA46222BFEC78E009EA6F1 /* Resources */ = {
			isa = PBXResourcesBuildPhase;
			buildActionMask = 2147483647;
			files = (
				8EEA46422BFF060A009EA6F1 /* Todo.storyboard in Resources */,
				8EEA46312BFEC78F009EA6F1 /* Assets.xcassets in Resources */,
				8EEA46342BFEC78F009EA6F1 /* Base in Resources */,
				8EEA462F2BFEC78E009EA6F1 /* Base in Resources */,
				8EEA46442BFF06BC009EA6F1 /* Search.storyboard in Resources */,
			);
			runOnlyForDeploymentPostprocessing = 0;
		};
/* End PBXResourcesBuildPhase section */

/* Begin PBXSourcesBuildPhase section */
		8EEA46202BFEC78E009EA6F1 /* Sources */ = {
			isa = PBXSourcesBuildPhase;
			buildActionMask = 2147483647;
			files = (
				8EEA463E2BFEEB06009EA6F1 /* ShowViewController.swift in Sources */,
				8E991B242C0078310042D9FE /* Shopping.swift in Sources */,
				8EEA463C2BFED9C4009EA6F1 /* HateViewController.swift in Sources */,
				8EC3E3CF2C002DEE00AD5428 /* RealTodoTableViewController.swift in Sources */,
				8EEA46402BFEEB5E009EA6F1 /* PresentViewController.swift in Sources */,
				8EEA464C2BFF3EB9009EA6F1 /* ShoppingTableViewController.swift in Sources */,
				8E4D45CA2C00754B00239DAE /* ShoppingTableViewCell.swift in Sources */,
				8EEA462C2BFEC78E009EA6F1 /* ViewController.swift in Sources */,
				8EEA46462BFF161F009EA6F1 /* TodoTableViewController.swift in Sources */,
				8EC3E3D12C005D4100AD5428 /* SearchTableViewController.swift in Sources */,
				8EC3E3D32C005DA200AD5428 /* SearchTableViewCell.swift in Sources */,
				8EEA46482BFF2354009EA6F1 /* FocusModeTableViewController.swift in Sources */,
				8EEA464A2BFF2CF1009EA6F1 /* SettingTableViewController.swift in Sources */,
				8EEA46282BFEC78E009EA6F1 /* AppDelegate.swift in Sources */,
				8EEA462A2BFEC78E009EA6F1 /* SceneDelegate.swift in Sources */,
			);
			runOnlyForDeploymentPostprocessing = 0;
		};
/* End PBXSourcesBuildPhase section */

/* Begin PBXVariantGroup section */
		8EEA462D2BFEC78E009EA6F1 /* Main.storyboard */ = {
			isa = PBXVariantGroup;
			children = (
				8EEA462E2BFEC78E009EA6F1 /* Base */,
			);
			name = Main.storyboard;
			sourceTree = "<group>";
		};
		8EEA46322BFEC78F009EA6F1 /* LaunchScreen.storyboard */ = {
			isa = PBXVariantGroup;
			children = (
				8EEA46332BFEC78F009EA6F1 /* Base */,
			);
			name = LaunchScreen.storyboard;
			sourceTree = "<group>";
		};
/* End PBXVariantGroup section */

/* Begin XCBuildConfiguration section */
		8EEA46362BFEC78F009EA6F1 /* Debug */ = {
			isa = XCBuildConfiguration;
			buildSettings = {
				ALWAYS_SEARCH_USER_PATHS = NO;
				ASSETCATALOG_COMPILER_GENERATE_SWIFT_ASSET_SYMBOL_EXTENSIONS = YES;
				CLANG_ANALYZER_NONNULL = YES;
				CLANG_ANALYZER_NUMBER_OBJECT_CONVERSION = YES_AGGRESSIVE;
				CLANG_CXX_LANGUAGE_STANDARD = "gnu++20";
				CLANG_ENABLE_MODULES = YES;
				CLANG_ENABLE_OBJC_ARC = YES;
				CLANG_ENABLE_OBJC_WEAK = YES;
				CLANG_WARN_BLOCK_CAPTURE_AUTORELEASING = YES;
				CLANG_WARN_BOOL_CONVERSION = YES;
				CLANG_WARN_COMMA = YES;
				CLANG_WARN_CONSTANT_CONVERSION = YES;
				CLANG_WARN_DEPRECATED_OBJC_IMPLEMENTATIONS = YES;
				CLANG_WARN_DIRECT_OBJC_ISA_USAGE = YES_ERROR;
				CLANG_WARN_DOCUMENTATION_COMMENTS = YES;
				CLANG_WARN_EMPTY_BODY = YES;
				CLANG_WARN_ENUM_CONVERSION = YES;
				CLANG_WARN_INFINITE_RECURSION = YES;
				CLANG_WARN_INT_CONVERSION = YES;
				CLANG_WARN_NON_LITERAL_NULL_CONVERSION = YES;
				CLANG_WARN_OBJC_IMPLICIT_RETAIN_SELF = YES;
				CLANG_WARN_OBJC_LITERAL_CONVERSION = YES;
				CLANG_WARN_OBJC_ROOT_CLASS = YES_ERROR;
				CLANG_WARN_QUOTED_INCLUDE_IN_FRAMEWORK_HEADER = YES;
				CLANG_WARN_RANGE_LOOP_ANALYSIS = YES;
				CLANG_WARN_STRICT_PROTOTYPES = YES;
				CLANG_WARN_SUSPICIOUS_MOVE = YES;
				CLANG_WARN_UNGUARDED_AVAILABILITY = YES_AGGRESSIVE;
				CLANG_WARN_UNREACHABLE_CODE = YES;
				CLANG_WARN__DUPLICATE_METHOD_MATCH = YES;
				COPY_PHASE_STRIP = NO;
				DEBUG_INFORMATION_FORMAT = dwarf;
				ENABLE_STRICT_OBJC_MSGSEND = YES;
				ENABLE_TESTABILITY = YES;
				ENABLE_USER_SCRIPT_SANDBOXING = YES;
				GCC_C_LANGUAGE_STANDARD = gnu17;
				GCC_DYNAMIC_NO_PIC = NO;
				GCC_NO_COMMON_BLOCKS = YES;
				GCC_OPTIMIZATION_LEVEL = 0;
				GCC_PREPROCESSOR_DEFINITIONS = (
					"DEBUG=1",
					"$(inherited)",
				);
				GCC_WARN_64_TO_32_BIT_CONVERSION = YES;
				GCC_WARN_ABOUT_RETURN_TYPE = YES_ERROR;
				GCC_WARN_UNDECLARED_SELECTOR = YES;
				GCC_WARN_UNINITIALIZED_AUTOS = YES_AGGRESSIVE;
				GCC_WARN_UNUSED_FUNCTION = YES;
				GCC_WARN_UNUSED_VARIABLE = YES;
				IPHONEOS_DEPLOYMENT_TARGET = 17.5;
				LOCALIZATION_PREFERS_STRING_CATALOGS = YES;
				MTL_ENABLE_DEBUG_INFO = INCLUDE_SOURCE;
				MTL_FAST_MATH = YES;
				ONLY_ACTIVE_ARCH = YES;
				SDKROOT = iphoneos;
				SWIFT_ACTIVE_COMPILATION_CONDITIONS = "DEBUG $(inherited)";
				SWIFT_OPTIMIZATION_LEVEL = "-Onone";
			};
			name = Debug;
		};
		8EEA46372BFEC78F009EA6F1 /* Release */ = {
			isa = XCBuildConfiguration;
			buildSettings = {
				ALWAYS_SEARCH_USER_PATHS = NO;
				ASSETCATALOG_COMPILER_GENERATE_SWIFT_ASSET_SYMBOL_EXTENSIONS = YES;
				CLANG_ANALYZER_NONNULL = YES;
				CLANG_ANALYZER_NUMBER_OBJECT_CONVERSION = YES_AGGRESSIVE;
				CLANG_CXX_LANGUAGE_STANDARD = "gnu++20";
				CLANG_ENABLE_MODULES = YES;
				CLANG_ENABLE_OBJC_ARC = YES;
				CLANG_ENABLE_OBJC_WEAK = YES;
				CLANG_WARN_BLOCK_CAPTURE_AUTORELEASING = YES;
				CLANG_WARN_BOOL_CONVERSION = YES;
				CLANG_WARN_COMMA = YES;
				CLANG_WARN_CONSTANT_CONVERSION = YES;
				CLANG_WARN_DEPRECATED_OBJC_IMPLEMENTATIONS = YES;
				CLANG_WARN_DIRECT_OBJC_ISA_USAGE = YES_ERROR;
				CLANG_WARN_DOCUMENTATION_COMMENTS = YES;
				CLANG_WARN_EMPTY_BODY = YES;
				CLANG_WARN_ENUM_CONVERSION = YES;
				CLANG_WARN_INFINITE_RECURSION = YES;
				CLANG_WARN_INT_CONVERSION = YES;
				CLANG_WARN_NON_LITERAL_NULL_CONVERSION = YES;
				CLANG_WARN_OBJC_IMPLICIT_RETAIN_SELF = YES;
				CLANG_WARN_OBJC_LITERAL_CONVERSION = YES;
				CLANG_WARN_OBJC_ROOT_CLASS = YES_ERROR;
				CLANG_WARN_QUOTED_INCLUDE_IN_FRAMEWORK_HEADER = YES;
				CLANG_WARN_RANGE_LOOP_ANALYSIS = YES;
				CLANG_WARN_STRICT_PROTOTYPES = YES;
				CLANG_WARN_SUSPICIOUS_MOVE = YES;
				CLANG_WARN_UNGUARDED_AVAILABILITY = YES_AGGRESSIVE;
				CLANG_WARN_UNREACHABLE_CODE = YES;
				CLANG_WARN__DUPLICATE_METHOD_MATCH = YES;
				COPY_PHASE_STRIP = NO;
				DEBUG_INFORMATION_FORMAT = "dwarf-with-dsym";
				ENABLE_NS_ASSERTIONS = NO;
				ENABLE_STRICT_OBJC_MSGSEND = YES;
				ENABLE_USER_SCRIPT_SANDBOXING = YES;
				GCC_C_LANGUAGE_STANDARD = gnu17;
				GCC_NO_COMMON_BLOCKS = YES;
				GCC_WARN_64_TO_32_BIT_CONVERSION = YES;
				GCC_WARN_ABOUT_RETURN_TYPE = YES_ERROR;
				GCC_WARN_UNDECLARED_SELECTOR = YES;
				GCC_WARN_UNINITIALIZED_AUTOS = YES_AGGRESSIVE;
				GCC_WARN_UNUSED_FUNCTION = YES;
				GCC_WARN_UNUSED_VARIABLE = YES;
				IPHONEOS_DEPLOYMENT_TARGET = 17.5;
				LOCALIZATION_PREFERS_STRING_CATALOGS = YES;
				MTL_ENABLE_DEBUG_INFO = NO;
				MTL_FAST_MATH = YES;
				SDKROOT = iphoneos;
				SWIFT_COMPILATION_MODE = wholemodule;
				VALIDATE_PRODUCT = YES;
			};
			name = Release;
		};
		8EEA46392BFEC78F009EA6F1 /* Debug */ = {
			isa = XCBuildConfiguration;
			buildSettings = {
				ASSETCATALOG_COMPILER_APPICON_NAME = AppIcon;
				ASSETCATALOG_COMPILER_GLOBAL_ACCENT_COLOR_NAME = AccentColor;
				CODE_SIGN_STYLE = Automatic;
				CURRENT_PROJECT_VERSION = 1;
				DEVELOPMENT_TEAM = FPYJAG45SA;
				GENERATE_INFOPLIST_FILE = YES;
				INFOPLIST_FILE = TableView/Info.plist;
				INFOPLIST_KEY_UIApplicationSupportsIndirectInputEvents = YES;
				INFOPLIST_KEY_UILaunchStoryboardName = LaunchScreen;
				INFOPLIST_KEY_UIMainStoryboardFile = Main;
				INFOPLIST_KEY_UISupportedInterfaceOrientations_iPad = "UIInterfaceOrientationPortrait UIInterfaceOrientationPortraitUpsideDown UIInterfaceOrientationLandscapeLeft UIInterfaceOrientationLandscapeRight";
				INFOPLIST_KEY_UISupportedInterfaceOrientations_iPhone = "UIInterfaceOrientationPortrait UIInterfaceOrientationLandscapeLeft UIInterfaceOrientationLandscapeRight";
				IPHONEOS_DEPLOYMENT_TARGET = 16.0;
				LD_RUNPATH_SEARCH_PATHS = (
					"$(inherited)",
					"@executable_path/Frameworks",
				);
				MARKETING_VERSION = 1.0;
				PRODUCT_BUNDLE_IDENTIFIER = com.saengle.TableView;
				PRODUCT_NAME = "$(TARGET_NAME)";
				SUPPORTED_PLATFORMS = "iphoneos iphonesimulator";
				SUPPORTS_MACCATALYST = NO;
				SUPPORTS_MAC_DESIGNED_FOR_IPHONE_IPAD = NO;
				SUPPORTS_XR_DESIGNED_FOR_IPHONE_IPAD = NO;
				SWIFT_EMIT_LOC_STRINGS = YES;
				SWIFT_VERSION = 5.0;
				TARGETED_DEVICE_FAMILY = 1;
			};
			name = Debug;
		};
		8EEA463A2BFEC78F009EA6F1 /* Release */ = {
			isa = XCBuildConfiguration;
			buildSettings = {
				ASSETCATALOG_COMPILER_APPICON_NAME = AppIcon;
				ASSETCATALOG_COMPILER_GLOBAL_ACCENT_COLOR_NAME = AccentColor;
				CODE_SIGN_STYLE = Automatic;
				CURRENT_PROJECT_VERSION = 1;
				DEVELOPMENT_TEAM = FPYJAG45SA;
				GENERATE_INFOPLIST_FILE = YES;
				INFOPLIST_FILE = TableView/Info.plist;
				INFOPLIST_KEY_UIApplicationSupportsIndirectInputEvents = YES;
				INFOPLIST_KEY_UILaunchStoryboardName = LaunchScreen;
				INFOPLIST_KEY_UIMainStoryboardFile = Main;
				INFOPLIST_KEY_UISupportedInterfaceOrientations_iPad = "UIInterfaceOrientationPortrait UIInterfaceOrientationPortraitUpsideDown UIInterfaceOrientationLandscapeLeft UIInterfaceOrientationLandscapeRight";
				INFOPLIST_KEY_UISupportedInterfaceOrientations_iPhone = "UIInterfaceOrientationPortrait UIInterfaceOrientationLandscapeLeft UIInterfaceOrientationLandscapeRight";
				IPHONEOS_DEPLOYMENT_TARGET = 16.0;
				LD_RUNPATH_SEARCH_PATHS = (
					"$(inherited)",
					"@executable_path/Frameworks",
				);
				MARKETING_VERSION = 1.0;
				PRODUCT_BUNDLE_IDENTIFIER = com.saengle.TableView;
				PRODUCT_NAME = "$(TARGET_NAME)";
				SUPPORTED_PLATFORMS = "iphoneos iphonesimulator";
				SUPPORTS_MACCATALYST = NO;
				SUPPORTS_MAC_DESIGNED_FOR_IPHONE_IPAD = NO;
				SUPPORTS_XR_DESIGNED_FOR_IPHONE_IPAD = NO;
				SWIFT_EMIT_LOC_STRINGS = YES;
				SWIFT_VERSION = 5.0;
				TARGETED_DEVICE_FAMILY = 1;
			};
			name = Release;
		};
/* End XCBuildConfiguration section */

/* Begin XCConfigurationList section */
		8EEA461F2BFEC78E009EA6F1 /* Build configuration list for PBXProject "TableView" */ = {
			isa = XCConfigurationList;
			buildConfigurations = (
				8EEA46362BFEC78F009EA6F1 /* Debug */,
				8EEA46372BFEC78F009EA6F1 /* Release */,
			);
			defaultConfigurationIsVisible = 0;
			defaultConfigurationName = Release;
		};
		8EEA46382BFEC78F009EA6F1 /* Build configuration list for PBXNativeTarget "TableView" */ = {
			isa = XCConfigurationList;
			buildConfigurations = (
				8EEA46392BFEC78F009EA6F1 /* Debug */,
				8EEA463A2BFEC78F009EA6F1 /* Release */,
			);
			defaultConfigurationIsVisible = 0;
			defaultConfigurationName = Release;
		};
/* End XCConfigurationList section */
	};
	rootObject = 8EEA461C2BFEC78E009EA6F1 /* Project object */;
}
